
Microsoft Visual Studio Solution File, Format Version 12.00
Project("{FAE04EC0-301F-11D3-BF4B-00C04F79EFBC}") = "Main", "Main\Main.csproj", "{97E13173-B61C-475B-9DCB-9738B9A5AF33}"
EndProject
Project("{2150E333-8FDC-42A3-9474-1A3956D46DE8}") = "Adapter", "Adapter", "{871ED7C7-1C88-43E5-A482-90397DF21EFA}"
EndProject
Project("{FAE04EC0-301F-11D3-BF4B-00C04F79EFBC}") = "Solution", "Adapter\Solution\Solution.csproj", "{2689B157-3B20-40C0-BC0E-7B1023D48EAC}"
EndProject
Project("{FAE04EC0-301F-11D3-BF4B-00C04F79EFBC}") = "Problem", "Adapter\Problem\Problem.csproj", "{3E1783ED-F385-4242-8FCF-16CE9D2D42D8}"
EndProject
Project("{2150E333-8FDC-42A3-9474-1A3956D46DE8}") = "Flyweight", "Flyweight", "{0D29F801-A6AE-47F0-A5B0-B0C7092A162A}"
EndProject
Project("{2150E333-8FDC-42A3-9474-1A3956D46DE8}") = "Facade", "Facade", "{52B8E31C-60B5-4EF5-83E5-328F921A2159}"
EndProject
Project("{2150E333-8FDC-42A3-9474-1A3956D46DE8}") = "Proxy", "Proxy", "{72DB8E5E-4554-4863-A245-2B3749CD3E16}"
EndProject
Project("{2150E333-8FDC-42A3-9474-1A3956D46DE8}") = "Bridge", "Bridge", "{8C3FBDC6-E092-45C3-A1AD-B404600474F9}"
EndProject
Project("{2150E333-8FDC-42A3-9474-1A3956D46DE8}") = "Decorator", "Decorator", "{39E7046D-2B05-417E-BF52-4BD4E28C84DE}"
EndProject
Project("{2150E333-8FDC-42A3-9474-1A3956D46DE8}") = "Composite", "Composite", "{446E382C-7E63-42A4-A4F5-5AA3E6EA7196}"
EndProject
Project("{FAE04EC0-301F-11D3-BF4B-00C04F79EFBC}") = "Problem", "Bridge\Problem\Problem.csproj", "{7EE5B3F8-1DF7-41AA-8694-F999A5CB773B}"
EndProject
Project("{FAE04EC0-301F-11D3-BF4B-00C04F79EFBC}") = "Problem", "Composite\Problem\Problem.csproj", "{6958E5C4-B8A4-4D41-B409-FAF25AE2B9F7}"
EndProject
Project("{FAE04EC0-301F-11D3-BF4B-00C04F79EFBC}") = "Problem", "Decorator\Problem\Problem.csproj", "{C2740823-63CB-4C79-95E1-DBF7CB45190E}"
EndProject
Project("{FAE04EC0-301F-11D3-BF4B-00C04F79EFBC}") = "Problem", "Facade\Problem\Problem.csproj", "{502616A1-177C-4ED0-8301-088E5D10D851}"
EndProject
Project("{FAE04EC0-301F-11D3-BF4B-00C04F79EFBC}") = "Problem", "Flyweight\Problem\Problem.csproj", "{4D5C69BD-BF43-4B4F-9D25-A834DB525C50}"
EndProject
Project("{FAE04EC0-301F-11D3-BF4B-00C04F79EFBC}") = "Solution", "Decorator\Solution\Solution.csproj", "{31BFA311-B323-48CF-A0C4-BF90A6FCF2D2}"
EndProject
Project("{FAE04EC0-301F-11D3-BF4B-00C04F79EFBC}") = "CardLibrary", "Common\CardLibrary\CardLibrary.csproj", "{2B8B4B4C-F4EB-480F-BB9D-1FC89F5D0048}"
EndProject
Project("{FAE04EC0-301F-11D3-BF4B-00C04F79EFBC}") = "Solution", "Facade\Solution\Solution.csproj", "{56C3CC2C-9B3E-444D-B359-C3AC07DD90EF}"
EndProject
Project("{FAE04EC0-301F-11D3-BF4B-00C04F79EFBC}") = "Problem", "Proxy\Problem\Problem.csproj", "{D634A3A8-5D95-4F6B-9E26-885D2B0105A2}"
EndProject
Project("{FAE04EC0-301F-11D3-BF4B-00C04F79EFBC}") = "Solution", "Proxy\Solution\Solution.csproj", "{E12B9A49-0073-4FEB-A585-27AEA7EFF66D}"
EndProject
Project("{FAE04EC0-301F-11D3-BF4B-00C04F79EFBC}") = "YouTubeLibrary", "Common\YouTubeLibrary\YouTubeLibrary.csproj", "{9E96438B-0A3C-425F-A877-4D6660246042}"
EndProject
Project("{FAE04EC0-301F-11D3-BF4B-00C04F79EFBC}") = "Solution", "Bridge\Solution\Solution.csproj", "{F29EB12A-ADB5-4170-99F5-8B27784A10EA}"
EndProject
Project("{FAE04EC0-301F-11D3-BF4B-00C04F79EFBC}") = "Solution", "Flyweight\Solution\Solution.csproj", "{DA9F9554-6D43-4CC6-BCC7-95D8BDA3FB44}"
EndProject
Project("{FAE04EC0-301F-11D3-BF4B-00C04F79EFBC}") = "Solution", "Composite\Solution\Solution.csproj", "{AFEFD6AC-2B7A-445A-8368-B816373C6394}"
EndProject
Project("{2150E333-8FDC-42A3-9474-1A3956D46DE8}") = "Common", "Common", "{306A7AB5-2403-4AED-9256-427DB1720887}"
EndProject
Project("{FAE04EC0-301F-11D3-BF4B-00C04F79EFBC}") = "Common", "Common\Common\Common.csproj", "{672B1C04-4464-4BD7-89E7-1D292A7D3BF8}"
EndProject
Project("{FAE04EC0-301F-11D3-BF4B-00C04F79EFBC}") = "Solution0", "Decorator\Solution0\Solution0.csproj", "{306F04F5-6D86-454B-B13B-EFEA9396516D}"
EndProject
Global
	GlobalSection(SolutionConfigurationPlatforms) = preSolution
		Debug|Any CPU = Debug|Any CPU
		Release|Any CPU = Release|Any CPU
	EndGlobalSection
	GlobalSection(ProjectConfigurationPlatforms) = postSolution
		{97E13173-B61C-475B-9DCB-9738B9A5AF33}.Debug|Any CPU.ActiveCfg = Debug|Any CPU
		{97E13173-B61C-475B-9DCB-9738B9A5AF33}.Debug|Any CPU.Build.0 = Debug|Any CPU
		{97E13173-B61C-475B-9DCB-9738B9A5AF33}.Release|Any CPU.ActiveCfg = Release|Any CPU
		{97E13173-B61C-475B-9DCB-9738B9A5AF33}.Release|Any CPU.Build.0 = Release|Any CPU
		{2689B157-3B20-40C0-BC0E-7B1023D48EAC}.Debug|Any CPU.ActiveCfg = Debug|Any CPU
		{2689B157-3B20-40C0-BC0E-7B1023D48EAC}.Debug|Any CPU.Build.0 = Debug|Any CPU
		{2689B157-3B20-40C0-BC0E-7B1023D48EAC}.Release|Any CPU.ActiveCfg = Release|Any CPU
		{2689B157-3B20-40C0-BC0E-7B1023D48EAC}.Release|Any CPU.Build.0 = Release|Any CPU
		{3E1783ED-F385-4242-8FCF-16CE9D2D42D8}.Debug|Any CPU.ActiveCfg = Debug|Any CPU
		{3E1783ED-F385-4242-8FCF-16CE9D2D42D8}.Debug|Any CPU.Build.0 = Debug|Any CPU
		{3E1783ED-F385-4242-8FCF-16CE9D2D42D8}.Release|Any CPU.ActiveCfg = Release|Any CPU
		{3E1783ED-F385-4242-8FCF-16CE9D2D42D8}.Release|Any CPU.Build.0 = Release|Any CPU
		{7EE5B3F8-1DF7-41AA-8694-F999A5CB773B}.Debug|Any CPU.ActiveCfg = Debug|Any CPU
		{7EE5B3F8-1DF7-41AA-8694-F999A5CB773B}.Debug|Any CPU.Build.0 = Debug|Any CPU
		{7EE5B3F8-1DF7-41AA-8694-F999A5CB773B}.Release|Any CPU.ActiveCfg = Release|Any CPU
		{7EE5B3F8-1DF7-41AA-8694-F999A5CB773B}.Release|Any CPU.Build.0 = Release|Any CPU
		{6958E5C4-B8A4-4D41-B409-FAF25AE2B9F7}.Debug|Any CPU.ActiveCfg = Debug|Any CPU
		{6958E5C4-B8A4-4D41-B409-FAF25AE2B9F7}.Debug|Any CPU.Build.0 = Debug|Any CPU
		{6958E5C4-B8A4-4D41-B409-FAF25AE2B9F7}.Release|Any CPU.ActiveCfg = Release|Any CPU
		{6958E5C4-B8A4-4D41-B409-FAF25AE2B9F7}.Release|Any CPU.Build.0 = Release|Any CPU
		{C2740823-63CB-4C79-95E1-DBF7CB45190E}.Debug|Any CPU.ActiveCfg = Debug|Any CPU
		{C2740823-63CB-4C79-95E1-DBF7CB45190E}.Debug|Any CPU.Build.0 = Debug|Any CPU
		{C2740823-63CB-4C79-95E1-DBF7CB45190E}.Release|Any CPU.ActiveCfg = Release|Any CPU
		{C2740823-63CB-4C79-95E1-DBF7CB45190E}.Release|Any CPU.Build.0 = Release|Any CPU
		{502616A1-177C-4ED0-8301-088E5D10D851}.Debug|Any CPU.ActiveCfg = Debug|Any CPU
		{502616A1-177C-4ED0-8301-088E5D10D851}.Debug|Any CPU.Build.0 = Debug|Any CPU
		{502616A1-177C-4ED0-8301-088E5D10D851}.Release|Any CPU.ActiveCfg = Release|Any CPU
		{502616A1-177C-4ED0-8301-088E5D10D851}.Release|Any CPU.Build.0 = Release|Any CPU
		{4D5C69BD-BF43-4B4F-9D25-A834DB525C50}.Debug|Any CPU.ActiveCfg = Debug|Any CPU
		{4D5C69BD-BF43-4B4F-9D25-A834DB525C50}.Debug|Any CPU.Build.0 = Debug|Any CPU
		{4D5C69BD-BF43-4B4F-9D25-A834DB525C50}.Release|Any CPU.ActiveCfg = Release|Any CPU
		{4D5C69BD-BF43-4B4F-9D25-A834DB525C50}.Release|Any CPU.Build.0 = Release|Any CPU
		{31BFA311-B323-48CF-A0C4-BF90A6FCF2D2}.Debug|Any CPU.ActiveCfg = Debug|Any CPU
		{31BFA311-B323-48CF-A0C4-BF90A6FCF2D2}.Debug|Any CPU.Build.0 = Debug|Any CPU
		{31BFA311-B323-48CF-A0C4-BF90A6FCF2D2}.Release|Any CPU.ActiveCfg = Release|Any CPU
		{31BFA311-B323-48CF-A0C4-BF90A6FCF2D2}.Release|Any CPU.Build.0 = Release|Any CPU
		{2B8B4B4C-F4EB-480F-BB9D-1FC89F5D0048}.Debug|Any CPU.ActiveCfg = Debug|Any CPU
		{2B8B4B4C-F4EB-480F-BB9D-1FC89F5D0048}.Debug|Any CPU.Build.0 = Debug|Any CPU
		{2B8B4B4C-F4EB-480F-BB9D-1FC89F5D0048}.Release|Any CPU.ActiveCfg = Release|Any CPU
		{2B8B4B4C-F4EB-480F-BB9D-1FC89F5D0048}.Release|Any CPU.Build.0 = Release|Any CPU
		{56C3CC2C-9B3E-444D-B359-C3AC07DD90EF}.Debug|Any CPU.ActiveCfg = Debug|Any CPU
		{56C3CC2C-9B3E-444D-B359-C3AC07DD90EF}.Debug|Any CPU.Build.0 = Debug|Any CPU
		{56C3CC2C-9B3E-444D-B359-C3AC07DD90EF}.Release|Any CPU.ActiveCfg = Release|Any CPU
		{56C3CC2C-9B3E-444D-B359-C3AC07DD90EF}.Release|Any CPU.Build.0 = Release|Any CPU
		{D634A3A8-5D95-4F6B-9E26-885D2B0105A2}.Debug|Any CPU.ActiveCfg = Debug|Any CPU
		{D634A3A8-5D95-4F6B-9E26-885D2B0105A2}.Debug|Any CPU.Build.0 = Debug|Any CPU
		{D634A3A8-5D95-4F6B-9E26-885D2B0105A2}.Release|Any CPU.ActiveCfg = Release|Any CPU
		{D634A3A8-5D95-4F6B-9E26-885D2B0105A2}.Release|Any CPU.Build.0 = Release|Any CPU
		{E12B9A49-0073-4FEB-A585-27AEA7EFF66D}.Debug|Any CPU.ActiveCfg = Debug|Any CPU
		{E12B9A49-0073-4FEB-A585-27AEA7EFF66D}.Debug|Any CPU.Build.0 = Debug|Any CPU
		{E12B9A49-0073-4FEB-A585-27AEA7EFF66D}.Release|Any CPU.ActiveCfg = Release|Any CPU
		{E12B9A49-0073-4FEB-A585-27AEA7EFF66D}.Release|Any CPU.Build.0 = Release|Any CPU
		{9E96438B-0A3C-425F-A877-4D6660246042}.Debug|Any CPU.ActiveCfg = Debug|Any CPU
		{9E96438B-0A3C-425F-A877-4D6660246042}.Debug|Any CPU.Build.0 = Debug|Any CPU
		{9E96438B-0A3C-425F-A877-4D6660246042}.Release|Any CPU.ActiveCfg = Release|Any CPU
		{9E96438B-0A3C-425F-A877-4D6660246042}.Release|Any CPU.Build.0 = Release|Any CPU
		{F29EB12A-ADB5-4170-99F5-8B27784A10EA}.Debug|Any CPU.ActiveCfg = Debug|Any CPU
		{F29EB12A-ADB5-4170-99F5-8B27784A10EA}.Debug|Any CPU.Build.0 = Debug|Any CPU
		{F29EB12A-ADB5-4170-99F5-8B27784A10EA}.Release|Any CPU.ActiveCfg = Release|Any CPU
		{F29EB12A-ADB5-4170-99F5-8B27784A10EA}.Release|Any CPU.Build.0 = Release|Any CPU
		{DA9F9554-6D43-4CC6-BCC7-95D8BDA3FB44}.Debug|Any CPU.ActiveCfg = Debug|Any CPU
		{DA9F9554-6D43-4CC6-BCC7-95D8BDA3FB44}.Debug|Any CPU.Build.0 = Debug|Any CPU
		{DA9F9554-6D43-4CC6-BCC7-95D8BDA3FB44}.Release|Any CPU.ActiveCfg = Release|Any CPU
		{DA9F9554-6D43-4CC6-BCC7-95D8BDA3FB44}.Release|Any CPU.Build.0 = Release|Any CPU
		{AFEFD6AC-2B7A-445A-8368-B816373C6394}.Debug|Any CPU.ActiveCfg = Debug|Any CPU
		{AFEFD6AC-2B7A-445A-8368-B816373C6394}.Debug|Any CPU.Build.0 = Debug|Any CPU
		{AFEFD6AC-2B7A-445A-8368-B816373C6394}.Release|Any CPU.ActiveCfg = Release|Any CPU
		{AFEFD6AC-2B7A-445A-8368-B816373C6394}.Release|Any CPU.Build.0 = Release|Any CPU
		{672B1C04-4464-4BD7-89E7-1D292A7D3BF8}.Debug|Any CPU.ActiveCfg = Debug|Any CPU
		{672B1C04-4464-4BD7-89E7-1D292A7D3BF8}.Debug|Any CPU.Build.0 = Debug|Any CPU
		{672B1C04-4464-4BD7-89E7-1D292A7D3BF8}.Release|Any CPU.ActiveCfg = Release|Any CPU
		{672B1C04-4464-4BD7-89E7-1D292A7D3BF8}.Release|Any CPU.Build.0 = Release|Any CPU
		{306F04F5-6D86-454B-B13B-EFEA9396516D}.Debug|Any CPU.ActiveCfg = Debug|Any CPU
		{306F04F5-6D86-454B-B13B-EFEA9396516D}.Debug|Any CPU.Build.0 = Debug|Any CPU
		{306F04F5-6D86-454B-B13B-EFEA9396516D}.Release|Any CPU.ActiveCfg = Release|Any CPU
		{306F04F5-6D86-454B-B13B-EFEA9396516D}.Release|Any CPU.Build.0 = Release|Any CPU
	EndGlobalSection
	GlobalSection(NestedProjects) = preSolution
		{2689B157-3B20-40C0-BC0E-7B1023D48EAC} = {871ED7C7-1C88-43E5-A482-90397DF21EFA}
		{3E1783ED-F385-4242-8FCF-16CE9D2D42D8} = {871ED7C7-1C88-43E5-A482-90397DF21EFA}
		{7EE5B3F8-1DF7-41AA-8694-F999A5CB773B} = {8C3FBDC6-E092-45C3-A1AD-B404600474F9}
		{6958E5C4-B8A4-4D41-B409-FAF25AE2B9F7} = {446E382C-7E63-42A4-A4F5-5AA3E6EA7196}
		{C2740823-63CB-4C79-95E1-DBF7CB45190E} = {39E7046D-2B05-417E-BF52-4BD4E28C84DE}
		{502616A1-177C-4ED0-8301-088E5D10D851} = {52B8E31C-60B5-4EF5-83E5-328F921A2159}
		{4D5C69BD-BF43-4B4F-9D25-A834DB525C50} = {0D29F801-A6AE-47F0-A5B0-B0C7092A162A}
		{31BFA311-B323-48CF-A0C4-BF90A6FCF2D2} = {39E7046D-2B05-417E-BF52-4BD4E28C84DE}
		{56C3CC2C-9B3E-444D-B359-C3AC07DD90EF} = {52B8E31C-60B5-4EF5-83E5-328F921A2159}
		{D634A3A8-5D95-4F6B-9E26-885D2B0105A2} = {72DB8E5E-4554-4863-A245-2B3749CD3E16}
		{E12B9A49-0073-4FEB-A585-27AEA7EFF66D} = {72DB8E5E-4554-4863-A245-2B3749CD3E16}
		{F29EB12A-ADB5-4170-99F5-8B27784A10EA} = {8C3FBDC6-E092-45C3-A1AD-B404600474F9}
		{DA9F9554-6D43-4CC6-BCC7-95D8BDA3FB44} = {0D29F801-A6AE-47F0-A5B0-B0C7092A162A}
		{AFEFD6AC-2B7A-445A-8368-B816373C6394} = {446E382C-7E63-42A4-A4F5-5AA3E6EA7196}
		{672B1C04-4464-4BD7-89E7-1D292A7D3BF8} = {306A7AB5-2403-4AED-9256-427DB1720887}
		{306F04F5-6D86-454B-B13B-EFEA9396516D} = {39E7046D-2B05-417E-BF52-4BD4E28C84DE}
	EndGlobalSection
EndGlobal
